
Microsoft Visual Studio Solution File, Format Version 12.00
# Visual Studio 15
VisualStudioVersion = 15.0.27428.2015
MinimumVisualStudioVersion = 10.0.40219.1
Project("{FAE04EC0-301F-11D3-BF4B-00C04F79EFBC}") = "Hoi4ModdingScriptSupporterByTaLieSun", "Hoi4ModdingScriptSupporterByTaLieSun\Hoi4ModdingScriptSupporterByTaLieSun.csproj", "{02143B6F-1103-468B-8E74-482AB84DD86C}"
EndProject
Global
	GlobalSection(SolutionConfigurationPlatforms) = preSolution
		Debug|Any CPU = Debug|Any CPU
		Release|Any CPU = Release|Any CPU
	EndGlobalSection
	GlobalSection(ProjectConfigurationPlatforms) = postSolution
		{02143B6F-1103-468B-8E74-482AB84DD86C}.Debug|Any CPU.ActiveCfg = Debug|Any CPU
		{02143B6F-1103-468B-8E74-482AB84DD86C}.Debug|Any CPU.Build.0 = Debug|Any CPU
		{02143B6F-1103-468B-8E74-482AB84DD86C}.Release|Any CPU.ActiveCfg = Release|Any CPU
		{02143B6F-1103-468B-8E74-482AB84DD86C}.Release|Any CPU.Build.0 = Release|Any CPU
	EndGlobalSection
	GlobalSection(SolutionProperties) = preSolution
		HideSolutionNode = FALSE
	EndGlobalSection
	GlobalSection(ExtensibilityGlobals) = postSolution
		SolutionGuid = {2C894AD9-6DCA-457F-959A-65AFD8500EC5}
	EndGlobalSection
EndGlobal
